<?xml version="1.0" encoding="utf-8"?>
<Project ToolsVersion="4.0" xmlns="http://schemas.microsoft.com/developer/msbuild/2003">
  <ItemGroup>
    <ClCompile Include="..\src\aldente.cpp" />
    <ClCompile Include="..\src\assetLoader.cpp" />
    <ClCompile Include="..\src\bounding_sphere.cpp" />
    <ClCompile Include="..\src\geometry\geometry.cpp" />
    <ClCompile Include="..\src\geometry\geometry_generator.cpp" />
    <ClCompile Include="..\src\grid.cpp" />
    <ClCompile Include="..\src\main.cpp" />
    <ClCompile Include="..\src\net\NetworkClient.cpp" />
    <ClCompile Include="..\src\net\NetworkServer.cpp" />
    <ClCompile Include="..\src\scene\scene.cpp" />
    <ClCompile Include="..\src\scene\scene_animation.cpp" />
    <ClCompile Include="..\src\scene\scene_camera.cpp" />
    <ClCompile Include="..\src\scene\scene_group.cpp" />
    <ClCompile Include="..\src\scene\scene_model.cpp" />
    <ClCompile Include="..\src\scene\scene_transform.cpp" />
    <ClCompile Include="..\src\scene\scene_trans_anim.cpp" />
    <ClCompile Include="..\src\shaders\basic_shader.cpp" />
    <ClCompile Include="..\src\shaders\shader.cpp" />
    <ClCompile Include="..\src\shaders\shader_manager.cpp" />
    <ClCompile Include="..\src\shaders\shadow_shader.cpp" />
    <ClCompile Include="..\src\shaders\skybox_shader.cpp" />
    <ClCompile Include="..\src\tile.cpp" />
    <ClCompile Include="..\src\util\config.cpp" />
    <ClCompile Include="..\src\util\util.cpp" />
    <ClCompile Include="..\src\window.cpp" />
  </ItemGroup>
  <ItemGroup>
    <ClInclude Include="..\src\aldente.h" />
    <ClInclude Include="..\src\assetLoader.h" />
    <ClInclude Include="..\src\bounding_sphere.h" />
    <ClInclude Include="..\src\geometry\geometry.h" />
    <ClInclude Include="..\src\geometry\geometry_generator.h" />
    <ClInclude Include="..\src\geometry\plane.h" />
    <ClInclude Include="..\src\global.h" />
    <ClInclude Include="..\src\grid.h" />
    <ClInclude Include="..\src\material.h" />
    <ClInclude Include="..\src\mesh.h" />
    <ClInclude Include="..\src\net\threadsafe_queue.h" />
    <ClInclude Include="..\src\scene\scene.h" />
    <ClInclude Include="..\src\scene\scene_animation.h" />
    <ClInclude Include="..\src\scene\scene_camera.h" />
    <ClInclude Include="..\src\scene\scene_group.h" />
    <ClInclude Include="..\src\scene\scene_model.h" />
    <ClInclude Include="..\src\scene\scene_node.h" />
    <ClInclude Include="..\src\scene\scene_transform.h" />
    <ClInclude Include="..\src\scene\scene_trans_anim.h" />
    <ClInclude Include="..\src\shaders\basic_shader.h" />
    <ClInclude Include="..\src\shaders\shader.h" />
    <ClInclude Include="..\src\shaders\shader_manager.h" />
    <ClInclude Include="..\src\shaders\shadow_shader.h" />
    <ClInclude Include="..\src\shaders\skybox_shader.h" />
    <ClInclude Include="..\src\tile.h" />
    <ClInclude Include="..\src\util\colors.h" />
    <ClInclude Include="..\src\util\config.h" />
    <ClInclude Include="..\src\util\util.h" />
    <ClInclude Include="..\src\window.h" />
  </ItemGroup>
  <ItemGroup>
    <None Include="packages.config" />
  </ItemGroup>
</Project>